
Microsoft Visual Studio Solution File, Format Version 11.00
# Visual Studio 2010
Project("{8BC9CEB8-8B4A-11D0-8D11-00A0C91BC942}") = "AlienRush", "AlienRush\AlienRush.vcxproj", "{D75BD007-7023-49D7-9D2E-3F15297737AA}"
EndProject
Global
	GlobalSection(SolutionConfigurationPlatforms) = preSolution
		Debug|Win32 = Debug|Win32
		Release|Win32 = Release|Win32
	EndGlobalSection
	GlobalSection(ProjectConfigurationPlatforms) = postSolution
		{D75BD007-7023-49D7-9D2E-3F15297737AA}.Debug|Win32.ActiveCfg = Debug|Win32
		{D75BD007-7023-49D7-9D2E-3F15297737AA}.Debug|Win32.Build.0 = Debug|Win32
		{D75BD007-7023-49D7-9D2E-3F15297737AA}.Release|Win32.ActiveCfg = Release|Win32
		{D75BD007-7023-49D7-9D2E-3F15297737AA}.Release|Win32.Build.0 = Release|Win32
	EndGlobalSection
	GlobalSection(SolutionProperties) = preSolution
		HideSolutionNode = FALSE
	EndGlobalSection
EndGlobal
